
Microsoft Visual Studio Solution File, Format Version 12.00
# Visual Studio Version 16
VisualStudioVersion = 16.0.31729.503
MinimumVisualStudioVersion = 10.0.40219.1
Project("{FAE04EC0-301F-11D3-BF4B-00C04F79EFBC}") = "Voetbal.Models", "Voetbal.Models\Voetbal.Models.csproj", "{A8C68976-49AC-413E-8FE3-1C06A6061710}"
EndProject
Project("{FAE04EC0-301F-11D3-BF4B-00C04F79EFBC}") = "Voetbal.DAL", "Voetbal.DAL\Voetbal.DAL.csproj", "{651DE4FB-FF99-4F50-8902-8EEE57952869}"
EndProject
Project("{FAE04EC0-301F-11D3-BF4B-00C04F79EFBC}") = "Voetbal.WPF", "Voetbal.WPF\Voetbal.WPF.csproj", "{12490918-153F-47B3-BE91-801451D779FF}"
EndProject
Global
	GlobalSection(SolutionConfigurationPlatforms) = preSolution
		Debug|Any CPU = Debug|Any CPU
		Release|Any CPU = Release|Any CPU
	EndGlobalSection
	GlobalSection(ProjectConfigurationPlatforms) = postSolution
		{A8C68976-49AC-413E-8FE3-1C06A6061710}.Debug|Any CPU.ActiveCfg = Debug|Any CPU
		{A8C68976-49AC-413E-8FE3-1C06A6061710}.Debug|Any CPU.Build.0 = Debug|Any CPU
		{A8C68976-49AC-413E-8FE3-1C06A6061710}.Release|Any CPU.ActiveCfg = Release|Any CPU
		{A8C68976-49AC-413E-8FE3-1C06A6061710}.Release|Any CPU.Build.0 = Release|Any CPU
		{651DE4FB-FF99-4F50-8902-8EEE57952869}.Debug|Any CPU.ActiveCfg = Debug|Any CPU
		{651DE4FB-FF99-4F50-8902-8EEE57952869}.Debug|Any CPU.Build.0 = Debug|Any CPU
		{651DE4FB-FF99-4F50-8902-8EEE57952869}.Release|Any CPU.ActiveCfg = Release|Any CPU
		{651DE4FB-FF99-4F50-8902-8EEE57952869}.Release|Any CPU.Build.0 = Release|Any CPU
		{12490918-153F-47B3-BE91-801451D779FF}.Debug|Any CPU.ActiveCfg = Debug|Any CPU
		{12490918-153F-47B3-BE91-801451D779FF}.Debug|Any CPU.Build.0 = Debug|Any CPU
		{12490918-153F-47B3-BE91-801451D779FF}.Release|Any CPU.ActiveCfg = Release|Any CPU
		{12490918-153F-47B3-BE91-801451D779FF}.Release|Any CPU.Build.0 = Release|Any CPU
	EndGlobalSection
	GlobalSection(SolutionProperties) = preSolution
		HideSolutionNode = FALSE
	EndGlobalSection
	GlobalSection(ExtensibilityGlobals) = postSolution
		SolutionGuid = {EC3F69AE-51E9-4722-9680-463B627D9A13}
	EndGlobalSection
EndGlobal
